
Microsoft Visual Studio Solution File, Format Version 12.00
# Visual Studio Version 17
VisualStudioVersion = 17.1.32210.238
MinimumVisualStudioVersion = 10.0.40219.1
Project("{FAE04EC0-301F-11D3-BF4B-00C04F79EFBC}") = "WebApp", "WebApp\WebApp.csproj", "{9E17A69A-3B4F-4D9A-866A-B8FBA159DEC2}"
EndProject
Global
	GlobalSection(SolutionConfigurationPlatforms) = preSolution
		Debug|Any CPU = Debug|Any CPU
		Release|Any CPU = Release|Any CPU
	EndGlobalSection
	GlobalSection(ProjectConfigurationPlatforms) = postSolution
		{9E17A69A-3B4F-4D9A-866A-B8FBA159DEC2}.Debug|Any CPU.ActiveCfg = Debug|Any CPU
		{9E17A69A-3B4F-4D9A-866A-B8FBA159DEC2}.Debug|Any CPU.Build.0 = Debug|Any CPU
		{9E17A69A-3B4F-4D9A-866A-B8FBA159DEC2}.Release|Any CPU.ActiveCfg = Release|Any CPU
		{9E17A69A-3B4F-4D9A-866A-B8FBA159DEC2}.Release|Any CPU.Build.0 = Release|Any CPU
	EndGlobalSection
	GlobalSection(SolutionProperties) = preSolution
		HideSolutionNode = FALSE
	EndGlobalSection
	GlobalSection(ExtensibilityGlobals) = postSolution
		SolutionGuid = {C4E078D2-18E0-4753-8876-89923680388C}
	EndGlobalSection
EndGlobal
